// !$*UTF8*$!
{
	archiveVersion = 1;
	classes = {
	};
	objectVersion = 46;
	objects = {

/* Begin PBXBuildFile section */
		1148CB4A1B2D4AAD00DB2969 /* main.m in Sources */ = {isa = PBXBuildFile; fileRef = 1148CB491B2D4AAD00DB2969 /* main.m */; };
		1148CB701B2D4DC100DB2969 /* GeotificationsViewController.m in Sources */ = {isa = PBXBuildFile; fileRef = 1148CB6F1B2D4DC100DB2969 /* GeotificationsViewController.m */; };
		1148CB731B2D4F1A00DB2969 /* AddGeotificationViewController.m in Sources */ = {isa = PBXBuildFile; fileRef = 1148CB721B2D4F1A00DB2969 /* AddGeotificationViewController.m */; };
		1148CB761B2D517A00DB2969 /* Geotification.m in Sources */ = {isa = PBXBuildFile; fileRef = 1148CB751B2D517A00DB2969 /* Geotification.m */; };
		1148CB791B2D65F300DB2969 /* Utilities.m in Sources */ = {isa = PBXBuildFile; fileRef = 1148CB781B2D65F300DB2969 /* Utilities.m */; };
		11D667111B2E427000CFDA57 /* TestLocations.gpx in Resources */ = {isa = PBXBuildFile; fileRef = 11D667101B2E427000CFDA57 /* TestLocations.gpx */; };
		39E890BA1BAA828800DE21F6 /* AppDelegates.m in Sources */ = {isa = PBXBuildFile; fileRef = 39E890B91BAA828800DE21F6 /* AppDelegates.m */; };
		39E890BD1BAA829F00DE21F6 /* MainStoryboard.storyboard in Resources */ = {isa = PBXBuildFile; fileRef = 39E890BC1BAA829F00DE21F6 /* MainStoryboard.storyboard */; };
		39E890BF1BAA89CA00DE21F6 /* Info.plist in Resources */ = {isa = PBXBuildFile; fileRef = 39E890BE1BAA89CA00DE21F6 /* Info.plist */; };
/* End PBXBuildFile section */

/* Begin PBXContainerItemProxy section */
		1148CB5E1B2D4AAD00DB2969 /* PBXContainerItemProxy */ = {
			isa = PBXContainerItemProxy;
			containerPortal = 1148CB3C1B2D4AAD00DB2969 /* Project object */;
			proxyType = 1;
			remoteGlobalIDString = 1148CB431B2D4AAD00DB2969;
			remoteInfo = GeofencesTest;
		};
/* End PBXContainerItemProxy section */

/* Begin PBXFileReference section */
		1148CB441B2D4AAD00DB2969 /* GeofencesTest.app */ = {isa = PBXFileReference; explicitFileType = wrapper.application; includeInIndex = 0; path = GeofencesTest.app; sourceTree = BUILT_PRODUCTS_DIR; };
		1148CB491B2D4AAD00DB2969 /* main.m */ = {isa = PBXFileReference; lastKnownFileType = sourcecode.c.objc; path = main.m; sourceTree = "<group>"; };
		1148CB5D1B2D4AAD00DB2969 /* GeofencesTestTests.xctest */ = {isa = PBXFileReference; explicitFileType = wrapper.cfbundle; includeInIndex = 0; path = GeofencesTestTests.xctest; sourceTree = BUILT_PRODUCTS_DIR; };
		1148CB6E1B2D4DC100DB2969 /* GeotificationsViewController.h */ = {isa = PBXFileReference; fileEncoding = 4; lastKnownFileType = sourcecode.c.h; path = GeotificationsViewController.h; sourceTree = "<group>"; };
		1148CB6F1B2D4DC100DB2969 /* GeotificationsViewController.m */ = {isa = PBXFileReference; fileEncoding = 4; lastKnownFileType = sourcecode.c.objc; path = GeotificationsViewController.m; sourceTree = "<group>"; };
		1148CB711B2D4F1A00DB2969 /* AddGeotificationViewController.h */ = {isa = PBXFileReference; fileEncoding = 4; lastKnownFileType = sourcecode.c.h; path = AddGeotificationViewController.h; sourceTree = "<group>"; };
		1148CB721B2D4F1A00DB2969 /* AddGeotificationViewController.m */ = {isa = PBXFileReference; fileEncoding = 4; lastKnownFileType = sourcecode.c.objc; path = AddGeotificationViewController.m; sourceTree = "<group>"; };
		1148CB741B2D517A00DB2969 /* Geotification.h */ = {isa = PBXFileReference; fileEncoding = 4; lastKnownFileType = sourcecode.c.h; path = Geotification.h; sourceTree = "<group>"; };
		1148CB751B2D517A00DB2969 /* Geotification.m */ = {isa = PBXFileReference; fileEncoding = 4; lastKnownFileType = sourcecode.c.objc; path = Geotification.m; sourceTree = "<group>"; };
		1148CB771B2D65F300DB2969 /* Utilities.h */ = {isa = PBXFileReference; fileEncoding = 4; lastKnownFileType = sourcecode.c.h; path = Utilities.h; sourceTree = "<group>"; };
		1148CB781B2D65F300DB2969 /* Utilities.m */ = {isa = PBXFileReference; fileEncoding = 4; lastKnownFileType = sourcecode.c.objc; path = Utilities.m; sourceTree = "<group>"; };
		11D667101B2E427000CFDA57 /* TestLocations.gpx */ = {isa = PBXFileReference; fileEncoding = 4; lastKnownFileType = text.xml; path = TestLocations.gpx; sourceTree = "<group>"; };
		39E890B81BAA828800DE21F6 /* AppDelegates.h */ = {isa = PBXFileReference; fileEncoding = 4; lastKnownFileType = sourcecode.c.h; path = AppDelegates.h; sourceTree = "<group>"; };
		39E890B91BAA828800DE21F6 /* AppDelegates.m */ = {isa = PBXFileReference; fileEncoding = 4; lastKnownFileType = sourcecode.c.objc; path = AppDelegates.m; sourceTree = "<group>"; };
		39E890BB1BAA829F00DE21F6 /* Base */ = {isa = PBXFileReference; lastKnownFileType = file.storyboard; name = Base; path = GeofencesTest/Base.lproj/MainStoryboard.storyboard; sourceTree = "<group>"; };
		39E890BE1BAA89CA00DE21F6 /* Info.plist */ = {isa = PBXFileReference; fileEncoding = 4; lastKnownFileType = text.plist.xml; path = Info.plist; sourceTree = SOURCE_ROOT; };
/* End PBXFileReference section */

/* Begin PBXFrameworksBuildPhase section */
		1148CB411B2D4AAD00DB2969 /* Frameworks */ = {
			isa = PBXFrameworksBuildPhase;
			buildActionMask = 2147483647;
			files = (
			);
			runOnlyForDeploymentPostprocessing = 0;
		};
		1148CB5A1B2D4AAD00DB2969 /* Frameworks */ = {
			isa = PBXFrameworksBuildPhase;
			buildActionMask = 2147483647;
			files = (
			);
			runOnlyForDeploymentPostprocessing = 0;
		};
/* End PBXFrameworksBuildPhase section */

/* Begin PBXGroup section */
		1148CB3B1B2D4AAD00DB2969 = {
			isa = PBXGroup;
			children = (
				1148CB461B2D4AAD00DB2969 /* GeofencesTest */,
				1148CB451B2D4AAD00DB2969 /* Products */,
			);
			sourceTree = "<group>";
		};
		1148CB451B2D4AAD00DB2969 /* Products */ = {
			isa = PBXGroup;
			children = (
				1148CB441B2D4AAD00DB2969 /* GeofencesTest.app */,
				1148CB5D1B2D4AAD00DB2969 /* GeofencesTestTests.xctest */,
			);
			name = Products;
			sourceTree = "<group>";
		};
		1148CB461B2D4AAD00DB2969 /* GeofencesTest */ = {
			isa = PBXGroup;
			children = (
				1148CB6D1B2D4D9600DB2969 /* Extras */,
				39E890BC1BAA829F00DE21F6 /* MainStoryboard.storyboard */,
				39E890B81BAA828800DE21F6 /* AppDelegates.h */,
				39E890B91BAA828800DE21F6 /* AppDelegates.m */,
				1148CB6E1B2D4DC100DB2969 /* GeotificationsViewController.h */,
				1148CB6F1B2D4DC100DB2969 /* GeotificationsViewController.m */,
				1148CB711B2D4F1A00DB2969 /* AddGeotificationViewController.h */,
				1148CB721B2D4F1A00DB2969 /* AddGeotificationViewController.m */,
				1148CB741B2D517A00DB2969 /* Geotification.h */,
				1148CB751B2D517A00DB2969 /* Geotification.m */,
				1148CB771B2D65F300DB2969 /* Utilities.h */,
				1148CB781B2D65F300DB2969 /* Utilities.m */,
				1148CB471B2D4AAD00DB2969 /* Supporting Files */,
			);
			path = GeofencesTest;
			sourceTree = "<group>";
		};
		1148CB471B2D4AAD00DB2969 /* Supporting Files */ = {
			isa = PBXGroup;
			children = (
				39E890BE1BAA89CA00DE21F6 /* Info.plist */,
				11D667101B2E427000CFDA57 /* TestLocations.gpx */,
				1148CB491B2D4AAD00DB2969 /* main.m */,
			);
			name = "Supporting Files";
			sourceTree = "<group>";
		};
		1148CB6D1B2D4D9600DB2969 /* Extras */ = {
			isa = PBXGroup;
			children = (
			);
			name = Extras;
			sourceTree = "<group>";
		};
/* End PBXGroup section */

/* Begin PBXNativeTarget section */
		1148CB431B2D4AAD00DB2969 /* GeofencesTest */ = {
			isa = PBXNativeTarget;
			buildConfigurationList = 1148CB671B2D4AAE00DB2969 /* Build configuration list for PBXNativeTarget "GeofencesTest" */;
			buildPhases = (
				1148CB401B2D4AAD00DB2969 /* Sources */,
				11C7A8F21B2D73DD0073207A /* ShellScript */,
				1148CB411B2D4AAD00DB2969 /* Frameworks */,
				1148CB421B2D4AAD00DB2969 /* Resources */,
			);
			buildRules = (
			);
			dependencies = (
			);
			name = GeofencesTest;
			productName = GeofencesTest;
			productReference = 1148CB441B2D4AAD00DB2969 /* GeofencesTest.app */;
			productType = "com.apple.product-type.application";
		};
		1148CB5C1B2D4AAD00DB2969 /* GeofencesTestTests */ = {
			isa = PBXNativeTarget;
			buildConfigurationList = 1148CB6A1B2D4AAE00DB2969 /* Build configuration list for PBXNativeTarget "GeofencesTestTests" */;
			buildPhases = (
				1148CB591B2D4AAD00DB2969 /* Sources */,
				1148CB5A1B2D4AAD00DB2969 /* Frameworks */,
				1148CB5B1B2D4AAD00DB2969 /* Resources */,
			);
			buildRules = (
			);
			dependencies = (
				1148CB5F1B2D4AAD00DB2969 /* PBXTargetDependency */,
			);
			name = GeofencesTestTests;
			productName = GeofencesTestTests;
			productReference = 1148CB5D1B2D4AAD00DB2969 /* GeofencesTestTests.xctest */;
			productType = "com.apple.product-type.bundle.unit-test";
		};
/* End PBXNativeTarget section */

/* Begin PBXProject section */
		1148CB3C1B2D4AAD00DB2969 /* Project object */ = {
			isa = PBXProject;
			attributes = {
				LastUpgradeCheck = 0630;
				ORGANIZATIONNAME = "Property Atomic Strong SAC";
				TargetAttributes = {
					1148CB431B2D4AAD00DB2969 = {
						CreatedOnToolsVersion = 6.3.1;
					};
					1148CB5C1B2D4AAD00DB2969 = {
						CreatedOnToolsVersion = 6.3.1;
						TestTargetID = 1148CB431B2D4AAD00DB2969;
					};
				};
			};
			buildConfigurationList = 1148CB3F1B2D4AAD00DB2969 /* Build configuration list for PBXProject "GeofencesTest" */;
			compatibilityVersion = "Xcode 3.2";
			developmentRegion = English;
			hasScannedForEncodings = 0;
			knownRegions = (
				en,
				Base,
			);
			mainGroup = 1148CB3B1B2D4AAD00DB2969;
			productRefGroup = 1148CB451B2D4AAD00DB2969 /* Products */;
			projectDirPath = "";
			projectRoot = "";
			targets = (
				1148CB431B2D4AAD00DB2969 /* GeofencesTest */,
				1148CB5C1B2D4AAD00DB2969 /* GeofencesTestTests */,
			);
		};
/* End PBXProject section */

/* Begin PBXResourcesBuildPhase section */
		1148CB421B2D4AAD00DB2969 /* Resources */ = {
			isa = PBXResourcesBuildPhase;
			buildActionMask = 2147483647;
			files = (
				39E890BD1BAA829F00DE21F6 /* MainStoryboard.storyboard in Resources */,
				11D667111B2E427000CFDA57 /* TestLocations.gpx in Resources */,
				39E890BF1BAA89CA00DE21F6 /* Info.plist in Resources */,
			);
			runOnlyForDeploymentPostprocessing = 0;
		};
		1148CB5B1B2D4AAD00DB2969 /* Resources */ = {
			isa = PBXResourcesBuildPhase;
			buildActionMask = 2147483647;
			files = (
			);
			runOnlyForDeploymentPostprocessing = 0;
		};
/* End PBXResourcesBuildPhase section */

/* Begin PBXShellScriptBuildPhase section */
		11C7A8F21B2D73DD0073207A /* ShellScript */ = {
			isa = PBXShellScriptBuildPhase;
			buildActionMask = 2147483647;
			files = (
			);
			inputPaths = (
			);
			outputPaths = (
			);
			runOnlyForDeploymentPostprocessing = 0;
			shellPath = /bin/sh;
			shellScript = "# Auto Increment Version Number Script\nbuildPlist=$INFOPLIST_FILE\n#echo $buildPlist\nCFSVString=$(/usr/libexec/PlistBuddy -c \"Print CFBundleShortVersionString\" \"$buildPlist\")\nCFBundleVersion=$(/usr/libexec/PlistBuddy -c \"Print CFBundleVersion\" \"$buildPlist\")\nBUILD_NR=${CFBundleVersion##*.}\n    BUILD_NR=$(($BUILD_NR + 1))\n    #echo $BUILD_NR\n    CFBundleVersion=$CFSVString\".0.\"$BUILD_NR\n    #echo $CFBundleVersion\n    /usr/libexec/PlistBuddy -c \"Set :CFBundleVersion $CFBundleVersion\" \"$buildPlist\"\n#echo \"Finish\"";
		};
/* End PBXShellScriptBuildPhase section */

/* Begin PBXSourcesBuildPhase section */
		1148CB401B2D4AAD00DB2969 /* Sources */ = {
			isa = PBXSourcesBuildPhase;
			buildActionMask = 2147483647;
			files = (
				1148CB791B2D65F300DB2969 /* Utilities.m in Sources */,
				1148CB731B2D4F1A00DB2969 /* AddGeotificationViewController.m in Sources */,
				1148CB701B2D4DC100DB2969 /* GeotificationsViewController.m in Sources */,
				1148CB761B2D517A00DB2969 /* Geotification.m in Sources */,
				39E890BA1BAA828800DE21F6 /* AppDelegates.m in Sources */,
				1148CB4A1B2D4AAD00DB2969 /* main.m in Sources */,
			);
			runOnlyForDeploymentPostprocessing = 0;
		};
		1148CB591B2D4AAD00DB2969 /* Sources */ = {
			isa = PBXSourcesBuildPhase;
			buildActionMask = 2147483647;
			files = (
			);
			runOnlyForDeploymentPostprocessing = 0;
		};
/* End PBXSourcesBuildPhase section */

/* Begin PBXTargetDependency section */
		1148CB5F1B2D4AAD00DB2969 /* PBXTargetDependency */ = {
			isa = PBXTargetDependency;
			target = 1148CB431B2D4AAD00DB2969 /* GeofencesTest */;
			targetProxy = 1148CB5E1B2D4AAD00DB2969 /* PBXContainerItemProxy */;
		};
/* End PBXTargetDependency section */

/* Begin PBXVariantGroup section */
		39E890BC1BAA829F00DE21F6 /* MainStoryboard.storyboard */ = {
			isa = PBXVariantGroup;
			children = (
				39E890BB1BAA829F00DE21F6 /* Base */,
			);
			name = MainStoryboard.storyboard;
			path = ..;
			sourceTree = "<group>";
		};
/* End PBXVariantGroup section */

/* Begin XCBuildConfiguration section */
		1148CB651B2D4AAE00DB2969 /* Debug */ = {
			isa = XCBuildConfiguration;
			buildSettings = {
				ALWAYS_SEARCH_USER_PATHS = NO;
				CLANG_CXX_LANGUAGE_STANDARD = "gnu++0x";
				CLANG_CXX_LIBRARY = "libc++";
				CLANG_ENABLE_MODULES = YES;
				CLANG_ENABLE_OBJC_ARC = YES;
				CLANG_WARN_BOOL_CONVERSION = YES;
				CLANG_WARN_CONSTANT_CONVERSION = YES;
				CLANG_WARN_DIRECT_OBJC_ISA_USAGE = YES_ERROR;
				CLANG_WARN_EMPTY_BODY = YES;
				CLANG_WARN_ENUM_CONVERSION = YES;
				CLANG_WARN_INT_CONVERSION = YES;
				CLANG_WARN_OBJC_ROOT_CLASS = YES_ERROR;
				CLANG_WARN_UNREACHABLE_CODE = YES;
				CLANG_WARN__DUPLICATE_METHOD_MATCH = YES;
				"CODE_SIGN_IDENTITY[sdk=iphoneos*]" = "iPhone Developer";
				COPY_PHASE_STRIP = NO;
				DEBUG_INFORMATION_FORMAT = "dwarf-with-dsym";
				ENABLE_STRICT_OBJC_MSGSEND = YES;
				GCC_C_LANGUAGE_STANDARD = gnu99;
				GCC_DYNAMIC_NO_PIC = NO;
				GCC_NO_COMMON_BLOCKS = YES;
				GCC_OPTIMIZATION_LEVEL = 0;
				GCC_PREPROCESSOR_DEFINITIONS = (
					"DEBUG=1",
					"$(inherited)",
				);
				GCC_SYMBOLS_PRIVATE_EXTERN = NO;
				GCC_WARN_64_TO_32_BIT_CONVERSION = YES;
				GCC_WARN_ABOUT_RETURN_TYPE = YES_ERROR;
				GCC_WARN_UNDECLARED_SELECTOR = YES;
				GCC_WARN_UNINITIALIZED_AUTOS = YES_AGGRESSIVE;
				GCC_WARN_UNUSED_FUNCTION = YES;
				GCC_WARN_UNUSED_VARIABLE = YES;
				IPHONEOS_DEPLOYMENT_TARGET = 8.3;
				MTL_ENABLE_DEBUG_INFO = YES;
				ONLY_ACTIVE_ARCH = YES;
				SDKROOT = iphoneos;
			};
			name = Debug;
		};
		1148CB661B2D4AAE00DB2969 /* Release */ = {
			isa = XCBuildConfiguration;
			buildSettings = {
				ALWAYS_SEARCH_USER_PATHS = NO;
				CLANG_CXX_LANGUAGE_STANDARD = "gnu++0x";
				CLANG_CXX_LIBRARY = "libc++";
				CLANG_ENABLE_MODULES = YES;
				CLANG_ENABLE_OBJC_ARC = YES;
				CLANG_WARN_BOOL_CONVERSION = YES;
				CLANG_WARN_CONSTANT_CONVERSION = YES;
				CLANG_WARN_DIRECT_OBJC_ISA_USAGE = YES_ERROR;
				CLANG_WARN_EMPTY_BODY = YES;
				CLANG_WARN_ENUM_CONVERSION = YES;
				CLANG_WARN_INT_CONVERSION = YES;
				CLANG_WARN_OBJC_ROOT_CLASS = YES_ERROR;
				CLANG_WARN_UNREACHABLE_CODE = YES;
				CLANG_WARN__DUPLICATE_METHOD_MATCH = YES;
				"CODE_SIGN_IDENTITY[sdk=iphoneos*]" = "iPhone Developer";
				COPY_PHASE_STRIP = NO;
				DEBUG_INFORMATION_FORMAT = "dwarf-with-dsym";
				ENABLE_NS_ASSERTIONS = NO;
				ENABLE_STRICT_OBJC_MSGSEND = YES;
				GCC_C_LANGUAGE_STANDARD = gnu99;
				GCC_NO_COMMON_BLOCKS = YES;
				GCC_WARN_64_TO_32_BIT_CONVERSION = YES;
				GCC_WARN_ABOUT_RETURN_TYPE = YES_ERROR;
				GCC_WARN_UNDECLARED_SELECTOR = YES;
				GCC_WARN_UNINITIALIZED_AUTOS = YES_AGGRESSIVE;
				GCC_WARN_UNUSED_FUNCTION = YES;
				GCC_WARN_UNUSED_VARIABLE = YES;
				IPHONEOS_DEPLOYMENT_TARGET = 8.3;
				MTL_ENABLE_DEBUG_INFO = NO;
				SDKROOT = iphoneos;
				VALIDATE_PRODUCT = YES;
			};
			name = Release;
		};
		1148CB681B2D4AAE00DB2969 /* Debug */ = {
			isa = XCBuildConfiguration;
			buildSettings = {
				ASSETCATALOG_COMPILER_APPICON_NAME = AppIcon;
				INFOPLIST_FILE = GeofencesTest/Info.plist;
				LD_RUNPATH_SEARCH_PATHS = "$(inherited) @executable_path/Frameworks";
				PRODUCT_NAME = "$(TARGET_NAME)";
			};
			name = Debug;
		};
		1148CB691B2D4AAE00DB2969 /* Release */ = {
			isa = XCBuildConfiguration;
			buildSettings = {
				ASSETCATALOG_COMPILER_APPICON_NAME = AppIcon;
				INFOPLIST_FILE = GeofencesTest/Info.plist;
				LD_RUNPATH_SEARCH_PATHS = "$(inherited) @executable_path/Frameworks";
				PRODUCT_NAME = "$(TARGET_NAME)";
			};
			name = Release;
		};
		1148CB6B1B2D4AAE00DB2969 /* Debug */ = {
			isa = XCBuildConfiguration;
			buildSettings = {
				BUNDLE_LOADER = "$(TEST_HOST)";
				FRAMEWORK_SEARCH_PATHS = (
					"$(SDKROOT)/Developer/Library/Frameworks",
					"$(inherited)",
				);
				GCC_PREPROCESSOR_DEFINITIONS = (
					"DEBUG=1",
					"$(inherited)",
				);
				INFOPLIST_FILE = GeofencesTestTests/Info.plist;
				LD_RUNPATH_SEARCH_PATHS = "$(inherited) @executable_path/Frameworks @loader_path/Frameworks";
				PRODUCT_NAME = "$(TARGET_NAME)";
				TEST_HOST = "$(BUILT_PRODUCTS_DIR)/GeofencesTest.app/GeofencesTest";
			};
			name = Debug;
		};
		1148CB6C1B2D4AAE00DB2969 /* Release */ = {
			isa = XCBuildConfiguration;
			buildSettings = {
				BUNDLE_LOADER = "$(TEST_HOST)";
				FRAMEWORK_SEARCH_PATHS = (
					"$(SDKROOT)/Developer/Library/Frameworks",
					"$(inherited)",
				);
				INFOPLIST_FILE = GeofencesTestTests/Info.plist;
				LD_RUNPATH_SEARCH_PATHS = "$(inherited) @executable_path/Frameworks @loader_path/Frameworks";
				PRODUCT_NAME = "$(TARGET_NAME)";
				TEST_HOST = "$(BUILT_PRODUCTS_DIR)/GeofencesTest.app/GeofencesTest";
			};
			name = Release;
		};
/* End XCBuildConfiguration section */

/* Begin XCConfigurationList section */
		1148CB3F1B2D4AAD00DB2969 /* Build configuration list for PBXProject "GeofencesTest" */ = {
			isa = XCConfigurationList;
			buildConfigurations = (
				1148CB651B2D4AAE00DB2969 /* Debug */,
				1148CB661B2D4AAE00DB2969 /* Release */,
			);
			defaultConfigurationIsVisible = 0;
			defaultConfigurationName = Release;
		};
		1148CB671B2D4AAE00DB2969 /* Build configuration list for PBXNativeTarget "GeofencesTest" */ = {
			isa = XCConfigurationList;
			buildConfigurations = (
				1148CB681B2D4AAE00DB2969 /* Debug */,
				1148CB691B2D4AAE00DB2969 /* Release */,
			);
			defaultConfigurationIsVisible = 0;
			defaultConfigurationName = Release;
		};
		1148CB6A1B2D4AAE00DB2969 /* Build configuration list for PBXNativeTarget "GeofencesTestTests" */ = {
			isa = XCConfigurationList;
			buildConfigurations = (
				1148CB6B1B2D4AAE00DB2969 /* Debug */,
				1148CB6C1B2D4AAE00DB2969 /* Release */,
			);
			defaultConfigurationIsVisible = 0;
			defaultConfigurationName = Release;
		};
/* End XCConfigurationList section */
	};
	rootObject = 1148CB3C1B2D4AAD00DB2969 /* Project object */;
}
